
Microsoft Visual Studio Solution File, Format Version 12.00
# Visual Studio Version 17
VisualStudioVersion = 17.9.34607.119
MinimumVisualStudioVersion = 10.0.40219.1
Project("{FAE04EC0-301F-11D3-BF4B-00C04F79EFBC}") = "ToDoList.Android", "ToDoList\ToDoList.Android\ToDoList.Android.csproj", "{4AE7ECF1-60A1-48B4-8675-97BB5D78681A}"
EndProject
Project("{FAE04EC0-301F-11D3-BF4B-00C04F79EFBC}") = "ToDoList.iOS", "ToDoList\ToDoList.iOS\ToDoList.iOS.csproj", "{AFC9787B-B501-40F5-8A48-08F20BE41B52}"
EndProject
Project("{FAE04EC0-301F-11D3-BF4B-00C04F79EFBC}") = "ToDoList", "ToDoList\ToDoList\ToDoList.csproj", "{B43AD781-3971-4FB4-AFFE-D37DE8759EA2}"
EndProject
Global
	GlobalSection(SolutionConfigurationPlatforms) = preSolution
		Debug|Any CPU = Debug|Any CPU
		Debug|iPhone = Debug|iPhone
		Debug|iPhoneSimulator = Debug|iPhoneSimulator
		Release|Any CPU = Release|Any CPU
		Release|iPhone = Release|iPhone
		Release|iPhoneSimulator = Release|iPhoneSimulator
	EndGlobalSection
	GlobalSection(ProjectConfigurationPlatforms) = postSolution
		{4AE7ECF1-60A1-48B4-8675-97BB5D78681A}.Debug|Any CPU.ActiveCfg = Debug|Any CPU
		{4AE7ECF1-60A1-48B4-8675-97BB5D78681A}.Debug|Any CPU.Build.0 = Debug|Any CPU
		{4AE7ECF1-60A1-48B4-8675-97BB5D78681A}.Debug|Any CPU.Deploy.0 = Debug|Any CPU
		{4AE7ECF1-60A1-48B4-8675-97BB5D78681A}.Debug|iPhone.ActiveCfg = Debug|Any CPU
		{4AE7ECF1-60A1-48B4-8675-97BB5D78681A}.Debug|iPhone.Build.0 = Debug|Any CPU
		{4AE7ECF1-60A1-48B4-8675-97BB5D78681A}.Debug|iPhone.Deploy.0 = Debug|Any CPU
		{4AE7ECF1-60A1-48B4-8675-97BB5D78681A}.Debug|iPhoneSimulator.ActiveCfg = Debug|Any CPU
		{4AE7ECF1-60A1-48B4-8675-97BB5D78681A}.Debug|iPhoneSimulator.Build.0 = Debug|Any CPU
		{4AE7ECF1-60A1-48B4-8675-97BB5D78681A}.Debug|iPhoneSimulator.Deploy.0 = Debug|Any CPU
		{4AE7ECF1-60A1-48B4-8675-97BB5D78681A}.Release|Any CPU.ActiveCfg = Release|Any CPU
		{4AE7ECF1-60A1-48B4-8675-97BB5D78681A}.Release|Any CPU.Build.0 = Release|Any CPU
		{4AE7ECF1-60A1-48B4-8675-97BB5D78681A}.Release|Any CPU.Deploy.0 = Release|Any CPU
		{4AE7ECF1-60A1-48B4-8675-97BB5D78681A}.Release|iPhone.ActiveCfg = Release|Any CPU
		{4AE7ECF1-60A1-48B4-8675-97BB5D78681A}.Release|iPhone.Build.0 = Release|Any CPU
		{4AE7ECF1-60A1-48B4-8675-97BB5D78681A}.Release|iPhone.Deploy.0 = Release|Any CPU
		{4AE7ECF1-60A1-48B4-8675-97BB5D78681A}.Release|iPhoneSimulator.ActiveCfg = Release|Any CPU
		{4AE7ECF1-60A1-48B4-8675-97BB5D78681A}.Release|iPhoneSimulator.Build.0 = Release|Any CPU
		{4AE7ECF1-60A1-48B4-8675-97BB5D78681A}.Release|iPhoneSimulator.Deploy.0 = Release|Any CPU
		{AFC9787B-B501-40F5-8A48-08F20BE41B52}.Debug|Any CPU.ActiveCfg = Debug|iPhone
		{AFC9787B-B501-40F5-8A48-08F20BE41B52}.Debug|Any CPU.Build.0 = Debug|iPhone
		{AFC9787B-B501-40F5-8A48-08F20BE41B52}.Debug|Any CPU.Deploy.0 = Debug|iPhone
		{AFC9787B-B501-40F5-8A48-08F20BE41B52}.Debug|iPhone.ActiveCfg = Debug|iPhone
		{AFC9787B-B501-40F5-8A48-08F20BE41B52}.Debug|iPhone.Build.0 = Debug|iPhone
		{AFC9787B-B501-40F5-8A48-08F20BE41B52}.Debug|iPhone.Deploy.0 = Debug|iPhone
		{AFC9787B-B501-40F5-8A48-08F20BE41B52}.Debug|iPhoneSimulator.ActiveCfg = Debug|iPhoneSimulator
		{AFC9787B-B501-40F5-8A48-08F20BE41B52}.Debug|iPhoneSimulator.Build.0 = Debug|iPhoneSimulator
		{AFC9787B-B501-40F5-8A48-08F20BE41B52}.Debug|iPhoneSimulator.Deploy.0 = Debug|iPhoneSimulator
		{AFC9787B-B501-40F5-8A48-08F20BE41B52}.Release|Any CPU.ActiveCfg = Release|iPhoneSimulator
		{AFC9787B-B501-40F5-8A48-08F20BE41B52}.Release|Any CPU.Build.0 = Release|iPhoneSimulator
		{AFC9787B-B501-40F5-8A48-08F20BE41B52}.Release|Any CPU.Deploy.0 = Release|iPhoneSimulator
		{AFC9787B-B501-40F5-8A48-08F20BE41B52}.Release|iPhone.ActiveCfg = Release|iPhone
		{AFC9787B-B501-40F5-8A48-08F20BE41B52}.Release|iPhone.Build.0 = Release|iPhone
		{AFC9787B-B501-40F5-8A48-08F20BE41B52}.Release|iPhone.Deploy.0 = Release|iPhone
		{AFC9787B-B501-40F5-8A48-08F20BE41B52}.Release|iPhoneSimulator.ActiveCfg = Release|iPhoneSimulator
		{AFC9787B-B501-40F5-8A48-08F20BE41B52}.Release|iPhoneSimulator.Build.0 = Release|iPhoneSimulator
		{AFC9787B-B501-40F5-8A48-08F20BE41B52}.Release|iPhoneSimulator.Deploy.0 = Release|iPhoneSimulator
		{B43AD781-3971-4FB4-AFFE-D37DE8759EA2}.Debug|Any CPU.ActiveCfg = Debug|Any CPU
		{B43AD781-3971-4FB4-AFFE-D37DE8759EA2}.Debug|Any CPU.Build.0 = Debug|Any CPU
		{B43AD781-3971-4FB4-AFFE-D37DE8759EA2}.Debug|Any CPU.Deploy.0 = Debug|Any CPU
		{B43AD781-3971-4FB4-AFFE-D37DE8759EA2}.Debug|iPhone.ActiveCfg = Debug|Any CPU
		{B43AD781-3971-4FB4-AFFE-D37DE8759EA2}.Debug|iPhone.Build.0 = Debug|Any CPU
		{B43AD781-3971-4FB4-AFFE-D37DE8759EA2}.Debug|iPhone.Deploy.0 = Debug|Any CPU
		{B43AD781-3971-4FB4-AFFE-D37DE8759EA2}.Debug|iPhoneSimulator.ActiveCfg = Debug|Any CPU
		{B43AD781-3971-4FB4-AFFE-D37DE8759EA2}.Debug|iPhoneSimulator.Build.0 = Debug|Any CPU
		{B43AD781-3971-4FB4-AFFE-D37DE8759EA2}.Debug|iPhoneSimulator.Deploy.0 = Debug|Any CPU
		{B43AD781-3971-4FB4-AFFE-D37DE8759EA2}.Release|Any CPU.ActiveCfg = Release|Any CPU
		{B43AD781-3971-4FB4-AFFE-D37DE8759EA2}.Release|Any CPU.Build.0 = Release|Any CPU
		{B43AD781-3971-4FB4-AFFE-D37DE8759EA2}.Release|Any CPU.Deploy.0 = Release|Any CPU
		{B43AD781-3971-4FB4-AFFE-D37DE8759EA2}.Release|iPhone.ActiveCfg = Release|Any CPU
		{B43AD781-3971-4FB4-AFFE-D37DE8759EA2}.Release|iPhone.Build.0 = Release|Any CPU
		{B43AD781-3971-4FB4-AFFE-D37DE8759EA2}.Release|iPhone.Deploy.0 = Release|Any CPU
		{B43AD781-3971-4FB4-AFFE-D37DE8759EA2}.Release|iPhoneSimulator.ActiveCfg = Release|Any CPU
		{B43AD781-3971-4FB4-AFFE-D37DE8759EA2}.Release|iPhoneSimulator.Build.0 = Release|Any CPU
		{B43AD781-3971-4FB4-AFFE-D37DE8759EA2}.Release|iPhoneSimulator.Deploy.0 = Release|Any CPU
	EndGlobalSection
	GlobalSection(SolutionProperties) = preSolution
		HideSolutionNode = FALSE
	EndGlobalSection
	GlobalSection(ExtensibilityGlobals) = postSolution
		SolutionGuid = {627C6840-4364-4881-94C3-9F4C3F719F41}
	EndGlobalSection
EndGlobal
